
Microsoft Visual Studio Solution File, Format Version 11.00
# Visual Studio 2010
Project("{FAE04EC0-301F-11D3-BF4B-00C04F79EFBC}") = "vvvv-Evernote", "vvvv-Evernote.csproj", "{DC04D525-9760-4C68-BB48-2059F486A779}"
EndProject
Global
	GlobalSection(SolutionConfigurationPlatforms) = preSolution
		Debug|Any CPU = Debug|Any CPU
		Release|Any CPU = Release|Any CPU
	EndGlobalSection
	GlobalSection(ProjectConfigurationPlatforms) = postSolution
		{DC04D525-9760-4C68-BB48-2059F486A779}.Debug|Any CPU.ActiveCfg = Debug|Any CPU
		{DC04D525-9760-4C68-BB48-2059F486A779}.Debug|Any CPU.Build.0 = Debug|Any CPU
		{DC04D525-9760-4C68-BB48-2059F486A779}.Release|Any CPU.ActiveCfg = Release|Any CPU
		{DC04D525-9760-4C68-BB48-2059F486A779}.Release|Any CPU.Build.0 = Release|Any CPU
	EndGlobalSection
	GlobalSection(SolutionProperties) = preSolution
		HideSolutionNode = FALSE
	EndGlobalSection
EndGlobal
